
Microsoft Visual Studio Solution File, Format Version 12.00
# Visual Studio Version 16
VisualStudioVersion = 25.0.1700.0
MinimumVisualStudioVersion = 10.0.40219.1
Project("{FAE04EC0-301F-11D3-BF4B-00C04F79EFBC}") = "KeyGenerationApi", "KeyGenerationApi.csproj", "{F7F12003-CBF7-4262-A130-215F8A2BB8F5}"
EndProject
Global
	GlobalSection(SolutionConfigurationPlatforms) = preSolution
		Debug|Any CPU = Debug|Any CPU
		Release|Any CPU = Release|Any CPU
	EndGlobalSection
	GlobalSection(ProjectConfigurationPlatforms) = postSolution
		{F7F12003-CBF7-4262-A130-215F8A2BB8F5}.Debug|Any CPU.ActiveCfg = Debug|Any CPU
		{F7F12003-CBF7-4262-A130-215F8A2BB8F5}.Debug|Any CPU.Build.0 = Debug|Any CPU
		{F7F12003-CBF7-4262-A130-215F8A2BB8F5}.Release|Any CPU.ActiveCfg = Release|Any CPU
		{F7F12003-CBF7-4262-A130-215F8A2BB8F5}.Release|Any CPU.Build.0 = Release|Any CPU
	EndGlobalSection
	GlobalSection(SolutionProperties) = preSolution
		HideSolutionNode = FALSE
	EndGlobalSection
	GlobalSection(ExtensibilityGlobals) = postSolution
		SolutionGuid = {F0E7FE83-403F-424B-A3C6-EC1FFA02D161}
	EndGlobalSection
EndGlobal
